lockfileVersion: '9.0'

settings:
  autoInstallPeers: true
  excludeLinksFromLockfile: false

importers:

  .:
    dependencies:
      '@types/webgl2':
        specifier: ^0.0.11
        version: 0.0.11
      typescript:
        specifier: ^5.8.3
        version: 5.8.3

packages:

  '@types/webgl2@0.0.11':
    resolution: {integrity: sha512-LFa4je4lUbqDVRNeC2W1ZRM8dOgsGsm23MZO7m/EllCVg07yB65W3eUF4MAM+0LU9X6x/0NTrvXxAW0pmipNdw==}

  typescript@5.8.3:
    resolution: {integrity: sha512-p1diW6TqL9L07nNxvRMM7hMMw4c5XOo/1ibL4aAIGmSAt9slTE1Xgw5KWuof2uTOvCg9BY7ZRi+GaF+7sfgPeQ==}
    engines: {node: '>=14.17'}
    hasBin: true

snapshots:

  '@types/webgl2@0.0.11': {}

  typescript@5.8.3: {}
